
Microsoft Visual Studio Solution File, Format Version 12.00
# Visual Studio Version 17
VisualStudioVersion = 17.5.33627.172
MinimumVisualStudioVersion = 10.0.40219.1
Project("{2150E333-8FDC-42A3-9474-1A3956D46DE8}") = "Adapters", "Adapters", "{7272490A-EE36-43D6-BA29-13D71271D81C}"
EndProject
Project("{2150E333-8FDC-42A3-9474-1A3956D46DE8}") = "Driven", "Driven", "{4BEEE82F-5C90-46CB-9A06-4C481367D6E8}"
EndProject
Project("{2150E333-8FDC-42A3-9474-1A3956D46DE8}") = "Driving", "Driving", "{42574E15-C281-4DEC-8928-90A67144DFEC}"
EndProject
Project("{2150E333-8FDC-42A3-9474-1A3956D46DE8}") = "Core", "Core", "{F4A32842-065E-4FD6-ADB9-2F56D2A22D85}"
EndProject
Project("{2150E333-8FDC-42A3-9474-1A3956D46DE8}") = "Tests", "Tests", "{35B03661-CF05-4F2E-87A0-D5B3D2B9B8CE}"
EndProject
Project("{9A19103F-16F7-4668-BE54-9A1E7A4F7556}") = "StackFood.Infra", "src\Adapters\Driven\StackFood.Infra\StackFood.Infra.csproj", "{F65551EC-4F43-40C3-B5F0-B06591FF6E8C}"
EndProject
Project("{9A19103F-16F7-4668-BE54-9A1E7A4F7556}") = "StackFood.API", "src\Adapters\Driving\StackFood.API\StackFood.API.csproj", "{97348001-3468-44DB-B082-B5D7A1150409}"
EndProject
Project("{9A19103F-16F7-4668-BE54-9A1E7A4F7556}") = "StackFood.Application", "src\Core\StackFood.Application\StackFood.Application.csproj", "{F2793358-7A6E-4A1E-BDE5-CC81933A6A9D}"
EndProject
Project("{9A19103F-16F7-4668-BE54-9A1E7A4F7556}") = "StackFood.Domain", "src\Core\StackFood.Domain\StackFood.Domain.csproj", "{4A13CE31-B668-47A4-912E-F79CABEB4D20}"
EndProject
Project("{FAE04EC0-301F-11D3-BF4B-00C04F79EFBC}") = "StackFood.UnitTests", "src\Tests\StackFood.Tests\StackFood.UnitTests.csproj", "{AFBEF1A6-6182-43DD-9178-B0B38BC7D767}"
EndProject
Project("{9A19103F-16F7-4668-BE54-9A1E7A4F7556}") = "StackFood.Worker", "src\Adapters\Driving\StackFood.Worker\StackFood.Worker.csproj", "{670753CC-51CD-8332-3616-ADC691C5CCD5}"
EndProject
Project("{9A19103F-16F7-4668-BE54-9A1E7A4F7556}") = "StackFood.ExternalService.MercadoPago", "src\Adapters\Driven\StackFood.ExternalService.MercadoPago\StackFood.ExternalService.MercadoPago.csproj", "{26684EFC-F18A-4F2C-8A6B-A42304C5C68F}"
EndProject
Global
	GlobalSection(SolutionConfigurationPlatforms) = preSolution
		Debug|Any CPU = Debug|Any CPU
		Release|Any CPU = Release|Any CPU
	EndGlobalSection
	GlobalSection(ProjectConfigurationPlatforms) = postSolution
		{F65551EC-4F43-40C3-B5F0-B06591FF6E8C}.Debug|Any CPU.ActiveCfg = Debug|Any CPU
		{F65551EC-4F43-40C3-B5F0-B06591FF6E8C}.Debug|Any CPU.Build.0 = Debug|Any CPU
		{F65551EC-4F43-40C3-B5F0-B06591FF6E8C}.Release|Any CPU.ActiveCfg = Release|Any CPU
		{F65551EC-4F43-40C3-B5F0-B06591FF6E8C}.Release|Any CPU.Build.0 = Release|Any CPU
		{97348001-3468-44DB-B082-B5D7A1150409}.Debug|Any CPU.ActiveCfg = Debug|Any CPU
		{97348001-3468-44DB-B082-B5D7A1150409}.Debug|Any CPU.Build.0 = Debug|Any CPU
		{97348001-3468-44DB-B082-B5D7A1150409}.Release|Any CPU.ActiveCfg = Release|Any CPU
		{97348001-3468-44DB-B082-B5D7A1150409}.Release|Any CPU.Build.0 = Release|Any CPU
		{F2793358-7A6E-4A1E-BDE5-CC81933A6A9D}.Debug|Any CPU.ActiveCfg = Debug|Any CPU
		{F2793358-7A6E-4A1E-BDE5-CC81933A6A9D}.Debug|Any CPU.Build.0 = Debug|Any CPU
		{F2793358-7A6E-4A1E-BDE5-CC81933A6A9D}.Release|Any CPU.ActiveCfg = Release|Any CPU
		{F2793358-7A6E-4A1E-BDE5-CC81933A6A9D}.Release|Any CPU.Build.0 = Release|Any CPU
		{4A13CE31-B668-47A4-912E-F79CABEB4D20}.Debug|Any CPU.ActiveCfg = Debug|Any CPU
		{4A13CE31-B668-47A4-912E-F79CABEB4D20}.Debug|Any CPU.Build.0 = Debug|Any CPU
		{4A13CE31-B668-47A4-912E-F79CABEB4D20}.Release|Any CPU.ActiveCfg = Release|Any CPU
		{4A13CE31-B668-47A4-912E-F79CABEB4D20}.Release|Any CPU.Build.0 = Release|Any CPU
		{AFBEF1A6-6182-43DD-9178-B0B38BC7D767}.Debug|Any CPU.ActiveCfg = Debug|Any CPU
		{AFBEF1A6-6182-43DD-9178-B0B38BC7D767}.Debug|Any CPU.Build.0 = Debug|Any CPU
		{AFBEF1A6-6182-43DD-9178-B0B38BC7D767}.Release|Any CPU.ActiveCfg = Release|Any CPU
		{AFBEF1A6-6182-43DD-9178-B0B38BC7D767}.Release|Any CPU.Build.0 = Release|Any CPU
		{670753CC-51CD-8332-3616-ADC691C5CCD5}.Debug|Any CPU.ActiveCfg = Debug|Any CPU
		{670753CC-51CD-8332-3616-ADC691C5CCD5}.Debug|Any CPU.Build.0 = Debug|Any CPU
		{670753CC-51CD-8332-3616-ADC691C5CCD5}.Release|Any CPU.ActiveCfg = Release|Any CPU
		{670753CC-51CD-8332-3616-ADC691C5CCD5}.Release|Any CPU.Build.0 = Release|Any CPU
		{26684EFC-F18A-4F2C-8A6B-A42304C5C68F}.Debug|Any CPU.ActiveCfg = Debug|Any CPU
		{26684EFC-F18A-4F2C-8A6B-A42304C5C68F}.Debug|Any CPU.Build.0 = Debug|Any CPU
		{26684EFC-F18A-4F2C-8A6B-A42304C5C68F}.Release|Any CPU.ActiveCfg = Release|Any CPU
		{26684EFC-F18A-4F2C-8A6B-A42304C5C68F}.Release|Any CPU.Build.0 = Release|Any CPU
	EndGlobalSection
	GlobalSection(SolutionProperties) = preSolution
		HideSolutionNode = FALSE
	EndGlobalSection
	GlobalSection(NestedProjects) = preSolution
		{4BEEE82F-5C90-46CB-9A06-4C481367D6E8} = {7272490A-EE36-43D6-BA29-13D71271D81C}
		{42574E15-C281-4DEC-8928-90A67144DFEC} = {7272490A-EE36-43D6-BA29-13D71271D81C}
		{F65551EC-4F43-40C3-B5F0-B06591FF6E8C} = {4BEEE82F-5C90-46CB-9A06-4C481367D6E8}
		{97348001-3468-44DB-B082-B5D7A1150409} = {42574E15-C281-4DEC-8928-90A67144DFEC}
		{F2793358-7A6E-4A1E-BDE5-CC81933A6A9D} = {F4A32842-065E-4FD6-ADB9-2F56D2A22D85}
		{4A13CE31-B668-47A4-912E-F79CABEB4D20} = {F4A32842-065E-4FD6-ADB9-2F56D2A22D85}
		{AFBEF1A6-6182-43DD-9178-B0B38BC7D767} = {35B03661-CF05-4F2E-87A0-D5B3D2B9B8CE}
		{670753CC-51CD-8332-3616-ADC691C5CCD5} = {42574E15-C281-4DEC-8928-90A67144DFEC}
		{26684EFC-F18A-4F2C-8A6B-A42304C5C68F} = {4BEEE82F-5C90-46CB-9A06-4C481367D6E8}
	EndGlobalSection
	GlobalSection(ExtensibilityGlobals) = postSolution
		SolutionGuid = {B8F43801-19F8-4626-A248-9FC41904E02F}
	EndGlobalSection
EndGlobal
