
Microsoft Visual Studio Solution File, Format Version 12.00
# Visual Studio Version 17
VisualStudioVersion = 17.5.33627.172
MinimumVisualStudioVersion = 10.0.40219.1
Project("{2150E333-8FDC-42A3-9474-1A3956D46DE8}") = "Tests", "Tests", "{35B03661-CF05-4F2E-87A0-D5B3D2B9B8CE}"
EndProject
Project("{FAE04EC0-301F-11D3-BF4B-00C04F79EFBC}") = "StackFood.UnitTests", "src\Tests\StackFood.Tests\StackFood.UnitTests.csproj", "{AFBEF1A6-6182-43DD-9178-B0B38BC7D767}"
EndProject
Project("{2150E333-8FDC-42A3-9474-1A3956D46DE8}") = "Services", "Services", "{02EA681E-C7D8-13C7-8484-4AC65E1B71E8}"
EndProject
Project("{2150E333-8FDC-42A3-9474-1A3956D46DE8}") = "Domain", "Domain", "{8FF84324-3ACC-4D47-A1E6-C86B5CB7B1C4}"
EndProject
Project("{2150E333-8FDC-42A3-9474-1A3956D46DE8}") = "Application", "Application", "{9BA133B2-BA85-4C8E-8677-F4FDA2D4FD4B}"
EndProject
Project("{2150E333-8FDC-42A3-9474-1A3956D46DE8}") = "Infra", "Infra", "{883BDE94-6EBA-46A9-9BBA-15ABF4872466}"
EndProject
Project("{FAE04EC0-301F-11D3-BF4B-00C04F79EFBC}") = "StackFood.Infra", "src\Infra\StackFood.Infra\StackFood.Infra.csproj", "{6E59ECAB-42EA-021D-494F-E44782BAE8C6}"
EndProject
Project("{FAE04EC0-301F-11D3-BF4B-00C04F79EFBC}") = "StackFood.Infra.ExternalService.MercadoPago", "src\Infra\StackFood.Infra.ExternalService.MercadoPago\StackFood.Infra.ExternalService.MercadoPago.csproj", "{D6F50150-621A-69B9-1CC0-9E00DDCBDC7A}"
EndProject
Project("{FAE04EC0-301F-11D3-BF4B-00C04F79EFBC}") = "StackFood.Domain", "src\Domain\StackFood.Domain\StackFood.Domain.csproj", "{6D94449B-9A4D-75B2-31EE-22A36619E325}"
EndProject
Project("{FAE04EC0-301F-11D3-BF4B-00C04F79EFBC}") = "StackFood.Application", "src\Application\StackFood.Application\StackFood.Application.csproj", "{08478FC5-D26D-683B-FF38-24F6DF135E99}"
EndProject
Project("{FAE04EC0-301F-11D3-BF4B-00C04F79EFBC}") = "StackFood.API", "src\Services\StackFood.API\StackFood.API.csproj", "{39ACCE8B-ABD5-D5C3-2A0A-1F784A02DF28}"
EndProject
Project("{FAE04EC0-301F-11D3-BF4B-00C04F79EFBC}") = "StackFood.Worker", "src\Services\StackFood.Worker\StackFood.Worker.csproj", "{F137A7D2-1047-F4FF-0876-F4C1C4A7FFDC}"
EndProject
Global
	GlobalSection(SolutionConfigurationPlatforms) = preSolution
		Debug|Any CPU = Debug|Any CPU
		Release|Any CPU = Release|Any CPU
	EndGlobalSection
	GlobalSection(ProjectConfigurationPlatforms) = postSolution
		{AFBEF1A6-6182-43DD-9178-B0B38BC7D767}.Debug|Any CPU.ActiveCfg = Debug|Any CPU
		{AFBEF1A6-6182-43DD-9178-B0B38BC7D767}.Debug|Any CPU.Build.0 = Debug|Any CPU
		{AFBEF1A6-6182-43DD-9178-B0B38BC7D767}.Release|Any CPU.ActiveCfg = Release|Any CPU
		{AFBEF1A6-6182-43DD-9178-B0B38BC7D767}.Release|Any CPU.Build.0 = Release|Any CPU
		{6E59ECAB-42EA-021D-494F-E44782BAE8C6}.Debug|Any CPU.ActiveCfg = Debug|Any CPU
		{6E59ECAB-42EA-021D-494F-E44782BAE8C6}.Debug|Any CPU.Build.0 = Debug|Any CPU
		{6E59ECAB-42EA-021D-494F-E44782BAE8C6}.Release|Any CPU.ActiveCfg = Release|Any CPU
		{6E59ECAB-42EA-021D-494F-E44782BAE8C6}.Release|Any CPU.Build.0 = Release|Any CPU
		{D6F50150-621A-69B9-1CC0-9E00DDCBDC7A}.Debug|Any CPU.ActiveCfg = Debug|Any CPU
		{D6F50150-621A-69B9-1CC0-9E00DDCBDC7A}.Debug|Any CPU.Build.0 = Debug|Any CPU
		{D6F50150-621A-69B9-1CC0-9E00DDCBDC7A}.Release|Any CPU.ActiveCfg = Release|Any CPU
		{D6F50150-621A-69B9-1CC0-9E00DDCBDC7A}.Release|Any CPU.Build.0 = Release|Any CPU
		{6D94449B-9A4D-75B2-31EE-22A36619E325}.Debug|Any CPU.ActiveCfg = Debug|Any CPU
		{6D94449B-9A4D-75B2-31EE-22A36619E325}.Debug|Any CPU.Build.0 = Debug|Any CPU
		{6D94449B-9A4D-75B2-31EE-22A36619E325}.Release|Any CPU.ActiveCfg = Release|Any CPU
		{6D94449B-9A4D-75B2-31EE-22A36619E325}.Release|Any CPU.Build.0 = Release|Any CPU
		{08478FC5-D26D-683B-FF38-24F6DF135E99}.Debug|Any CPU.ActiveCfg = Debug|Any CPU
		{08478FC5-D26D-683B-FF38-24F6DF135E99}.Debug|Any CPU.Build.0 = Debug|Any CPU
		{08478FC5-D26D-683B-FF38-24F6DF135E99}.Release|Any CPU.ActiveCfg = Release|Any CPU
		{08478FC5-D26D-683B-FF38-24F6DF135E99}.Release|Any CPU.Build.0 = Release|Any CPU
		{39ACCE8B-ABD5-D5C3-2A0A-1F784A02DF28}.Debug|Any CPU.ActiveCfg = Debug|Any CPU
		{39ACCE8B-ABD5-D5C3-2A0A-1F784A02DF28}.Debug|Any CPU.Build.0 = Debug|Any CPU
		{39ACCE8B-ABD5-D5C3-2A0A-1F784A02DF28}.Release|Any CPU.ActiveCfg = Release|Any CPU
		{39ACCE8B-ABD5-D5C3-2A0A-1F784A02DF28}.Release|Any CPU.Build.0 = Release|Any CPU
		{F137A7D2-1047-F4FF-0876-F4C1C4A7FFDC}.Debug|Any CPU.ActiveCfg = Debug|Any CPU
		{F137A7D2-1047-F4FF-0876-F4C1C4A7FFDC}.Debug|Any CPU.Build.0 = Debug|Any CPU
		{F137A7D2-1047-F4FF-0876-F4C1C4A7FFDC}.Release|Any CPU.ActiveCfg = Release|Any CPU
		{F137A7D2-1047-F4FF-0876-F4C1C4A7FFDC}.Release|Any CPU.Build.0 = Release|Any CPU
	EndGlobalSection
	GlobalSection(SolutionProperties) = preSolution
		HideSolutionNode = FALSE
	EndGlobalSection
	GlobalSection(NestedProjects) = preSolution
		{AFBEF1A6-6182-43DD-9178-B0B38BC7D767} = {35B03661-CF05-4F2E-87A0-D5B3D2B9B8CE}
		{6E59ECAB-42EA-021D-494F-E44782BAE8C6} = {883BDE94-6EBA-46A9-9BBA-15ABF4872466}
		{D6F50150-621A-69B9-1CC0-9E00DDCBDC7A} = {883BDE94-6EBA-46A9-9BBA-15ABF4872466}
		{6D94449B-9A4D-75B2-31EE-22A36619E325} = {8FF84324-3ACC-4D47-A1E6-C86B5CB7B1C4}
		{08478FC5-D26D-683B-FF38-24F6DF135E99} = {9BA133B2-BA85-4C8E-8677-F4FDA2D4FD4B}
		{39ACCE8B-ABD5-D5C3-2A0A-1F784A02DF28} = {02EA681E-C7D8-13C7-8484-4AC65E1B71E8}
		{F137A7D2-1047-F4FF-0876-F4C1C4A7FFDC} = {02EA681E-C7D8-13C7-8484-4AC65E1B71E8}
	EndGlobalSection
	GlobalSection(ExtensibilityGlobals) = postSolution
		SolutionGuid = {B8F43801-19F8-4626-A248-9FC41904E02F}
	EndGlobalSection
EndGlobal
